
Microsoft Visual Studio Solution File, Format Version 12.00
# Visual Studio Version 17
VisualStudioVersion = 17.8.34330.188
MinimumVisualStudioVersion = 10.0.40219.1
Project("{9A19103F-16F7-4668-BE54-9A1E7A4F7556}") = "admin", "admin\admin.csproj", "{3E1F09ED-02EF-425A-8C08-C3B169708F15}"
EndProject
Global
	GlobalSection(SolutionConfigurationPlatforms) = preSolution
		Debug|Any CPU = Debug|Any CPU
		Release|Any CPU = Release|Any CPU
	EndGlobalSection
	GlobalSection(ProjectConfigurationPlatforms) = postSolution
		{3E1F09ED-02EF-425A-8C08-C3B169708F15}.Debug|Any CPU.ActiveCfg = Debug|Any CPU
		{3E1F09ED-02EF-425A-8C08-C3B169708F15}.Debug|Any CPU.Build.0 = Debug|Any CPU
		{3E1F09ED-02EF-425A-8C08-C3B169708F15}.Release|Any CPU.ActiveCfg = Release|Any CPU
		{3E1F09ED-02EF-425A-8C08-C3B169708F15}.Release|Any CPU.Build.0 = Release|Any CPU
	EndGlobalSection
	GlobalSection(SolutionProperties) = preSolution
		HideSolutionNode = FALSE
	EndGlobalSection
	GlobalSection(ExtensibilityGlobals) = postSolution
		SolutionGuid = {5F56AEF7-4A01-445A-9422-ECAFD9192995}
	EndGlobalSection
EndGlobal
